// !$*UTF8*$!
{
	archiveVersion = 1;
	classes = {
	};
	objectVersion = 50;
	objects = {

/* Begin PBXBuildFile section */
		EC1182D0235501EF00391131 /* TO-DO in Resources */ = {isa = PBXBuildFile; fileRef = EC1182CF235501EF00391131 /* TO-DO */; };
		EC1182D2235503AD00391131 /* ZipCodeHelper.swift in Sources */ = {isa = PBXBuildFile; fileRef = EC1182D1235503AD00391131 /* ZipCodeHelper.swift */; };
		EC1182D52356224100391131 /* Weather.swift in Sources */ = {isa = PBXBuildFile; fileRef = EC1182D42356224100391131 /* Weather.swift */; };
		EC1182E023563E4700391131 /* DetailViewController.swift in Sources */ = {isa = PBXBuildFile; fileRef = EC1182DF23563E4700391131 /* DetailViewController.swift */; };
		EC1182E223563E5600391131 /* FavoriteViewController.swift in Sources */ = {isa = PBXBuildFile; fileRef = EC1182E123563E5600391131 /* FavoriteViewController.swift */; };
		EC1183042358F38E00391131 /* WeatherCell.swift in Sources */ = {isa = PBXBuildFile; fileRef = EC1183032358F38D00391131 /* WeatherCell.swift */; };
		EC216473235BECCB0005335F /* iOS_Weather_AppTests1.swift in Sources */ = {isa = PBXBuildFile; fileRef = EC216472235BECCB0005335F /* iOS_Weather_AppTests1.swift */; };
		EC4EC387236CB0420037744E /* ImageHelper.swift in Sources */ = {isa = PBXBuildFile; fileRef = EC4EC386236CB0420037744E /* ImageHelper.swift */; };
		EC56029923590B26005A9B78 /* AppError.swift in Sources */ = {isa = PBXBuildFile; fileRef = EC56029823590B26005A9B78 /* AppError.swift */; };
		EC5731312359146200658089 /* NetworkManager.swift in Sources */ = {isa = PBXBuildFile; fileRef = EC5731302359146200658089 /* NetworkManager.swift */; };
		ECB783792359057500CD8634 /* WeatherAPIClient.swift in Sources */ = {isa = PBXBuildFile; fileRef = ECB783782359057500CD8634 /* WeatherAPIClient.swift */; };
		ECB7837B2359067F00CD8634 /* Secrets.swift in Sources */ = {isa = PBXBuildFile; fileRef = ECB7837A2359067F00CD8634 /* Secrets.swift */; };
		ECD45D7523542010004F1C15 /* AppDelegate.swift in Sources */ = {isa = PBXBuildFile; fileRef = ECD45D7423542010004F1C15 /* AppDelegate.swift */; };
		ECD45D7723542010004F1C15 /* SceneDelegate.swift in Sources */ = {isa = PBXBuildFile; fileRef = ECD45D7623542010004F1C15 /* SceneDelegate.swift */; };
		ECD45D7923542010004F1C15 /* ViewController.swift in Sources */ = {isa = PBXBuildFile; fileRef = ECD45D7823542010004F1C15 /* ViewController.swift */; };
		ECD45D7C23542010004F1C15 /* Main.storyboard in Resources */ = {isa = PBXBuildFile; fileRef = ECD45D7A23542010004F1C15 /* Main.storyboard */; };
		ECD45D7E23542011004F1C15 /* Assets.xcassets in Resources */ = {isa = PBXBuildFile; fileRef = ECD45D7D23542011004F1C15 /* Assets.xcassets */; };
		ECD45D8123542011004F1C15 /* LaunchScreen.storyboard in Resources */ = {isa = PBXBuildFile; fileRef = ECD45D7F23542011004F1C15 /* LaunchScreen.storyboard */; };
		ECE40327235D37A00008D01B /* weather_nyc.json in Resources */ = {isa = PBXBuildFile; fileRef = ECE40326235D37A00008D01B /* weather_nyc.json */; };
		ECE40328235D384F0008D01B /* Weather.swift in Sources */ = {isa = PBXBuildFile; fileRef = EC1182D42356224100391131 /* Weather.swift */; };
		ECE40329235D38550008D01B /* NetworkManager.swift in Sources */ = {isa = PBXBuildFile; fileRef = EC5731302359146200658089 /* NetworkManager.swift */; };
		ECE4032A235D38580008D01B /* WeatherAPIClient.swift in Sources */ = {isa = PBXBuildFile; fileRef = ECB783782359057500CD8634 /* WeatherAPIClient.swift */; };
		ECE4032B235D385A0008D01B /* weather_nyc.json in Resources */ = {isa = PBXBuildFile; fileRef = ECE40326235D37A00008D01B /* weather_nyc.json */; };
		ECE4032C235D385D0008D01B /* ZipCodeHelper.swift in Sources */ = {isa = PBXBuildFile; fileRef = EC1182D1235503AD00391131 /* ZipCodeHelper.swift */; };
		ECE4032D235D3A5D0008D01B /* Secrets.swift in Sources */ = {isa = PBXBuildFile; fileRef = ECB7837A2359067F00CD8634 /* Secrets.swift */; };
		ECE4032E235D3A650008D01B /* AppError.swift in Sources */ = {isa = PBXBuildFile; fileRef = EC56029823590B26005A9B78 /* AppError.swift */; };
/* End PBXBuildFile section */

/* Begin PBXContainerItemProxy section */
		EC216475235BECCB0005335F /* PBXContainerItemProxy */ = {
			isa = PBXContainerItemProxy;
			containerPortal = ECD45D6923542010004F1C15 /* Project object */;
			proxyType = 1;
			remoteGlobalIDString = ECD45D7023542010004F1C15;
			remoteInfo = iOS_Weather_App;
		};
/* End PBXContainerItemProxy section */

/* Begin PBXFileReference section */
		EC1182CF235501EF00391131 /* TO-DO */ = {isa = PBXFileReference; lastKnownFileType = text; path = "TO-DO"; sourceTree = "<group>"; };
		EC1182D1235503AD00391131 /* ZipCodeHelper.swift */ = {isa = PBXFileReference; lastKnownFileType = sourcecode.swift; path = ZipCodeHelper.swift; sourceTree = "<group>"; };
		EC1182D42356224100391131 /* Weather.swift */ = {isa = PBXFileReference; lastKnownFileType = sourcecode.swift; path = Weather.swift; sourceTree = "<group>"; };
		EC1182DF23563E4700391131 /* DetailViewController.swift */ = {isa = PBXFileReference; lastKnownFileType = sourcecode.swift; path = DetailViewController.swift; sourceTree = "<group>"; };
		EC1182E123563E5600391131 /* FavoriteViewController.swift */ = {isa = PBXFileReference; lastKnownFileType = sourcecode.swift; path = FavoriteViewController.swift; sourceTree = "<group>"; };
		EC1183032358F38D00391131 /* WeatherCell.swift */ = {isa = PBXFileReference; lastKnownFileType = sourcecode.swift; path = WeatherCell.swift; sourceTree = "<group>"; };
		EC216470235BECCB0005335F /* iOS_Weather_AppTests1.xctest */ = {isa = PBXFileReference; explicitFileType = wrapper.cfbundle; includeInIndex = 0; path = iOS_Weather_AppTests1.xctest; sourceTree = BUILT_PRODUCTS_DIR; };
		EC216472235BECCB0005335F /* iOS_Weather_AppTests1.swift */ = {isa = PBXFileReference; lastKnownFileType = sourcecode.swift; path = iOS_Weather_AppTests1.swift; sourceTree = "<group>"; };
		EC216474235BECCB0005335F /* Info.plist */ = {isa = PBXFileReference; lastKnownFileType = text.plist.xml; path = Info.plist; sourceTree = "<group>"; };
		EC4EC386236CB0420037744E /* ImageHelper.swift */ = {isa = PBXFileReference; lastKnownFileType = sourcecode.swift; path = ImageHelper.swift; sourceTree = "<group>"; };
		EC56029823590B26005A9B78 /* AppError.swift */ = {isa = PBXFileReference; lastKnownFileType = sourcecode.swift; path = AppError.swift; sourceTree = "<group>"; };
		EC5731302359146200658089 /* NetworkManager.swift */ = {isa = PBXFileReference; lastKnownFileType = sourcecode.swift; path = NetworkManager.swift; sourceTree = "<group>"; };
		ECB783782359057500CD8634 /* WeatherAPIClient.swift */ = {isa = PBXFileReference; lastKnownFileType = sourcecode.swift; path = WeatherAPIClient.swift; sourceTree = "<group>"; };
		ECB7837A2359067F00CD8634 /* Secrets.swift */ = {isa = PBXFileReference; lastKnownFileType = sourcecode.swift; path = Secrets.swift; sourceTree = "<group>"; };
		ECD45D7123542010004F1C15 /* iOS_Weather_App.app */ = {isa = PBXFileReference; explicitFileType = wrapper.application; includeInIndex = 0; path = iOS_Weather_App.app; sourceTree = BUILT_PRODUCTS_DIR; };
		ECD45D7423542010004F1C15 /* AppDelegate.swift */ = {isa = PBXFileReference; lastKnownFileType = sourcecode.swift; path = AppDelegate.swift; sourceTree = "<group>"; };
		ECD45D7623542010004F1C15 /* SceneDelegate.swift */ = {isa = PBXFileReference; lastKnownFileType = sourcecode.swift; path = SceneDelegate.swift; sourceTree = "<group>"; };
		ECD45D7823542010004F1C15 /* ViewController.swift */ = {isa = PBXFileReference; lastKnownFileType = sourcecode.swift; path = ViewController.swift; sourceTree = "<group>"; };
		ECD45D7B23542010004F1C15 /* Base */ = {isa = PBXFileReference; lastKnownFileType = file.storyboard; name = Base; path = Base.lproj/Main.storyboard; sourceTree = "<group>"; };
		ECD45D7D23542011004F1C15 /* Assets.xcassets */ = {isa = PBXFileReference; lastKnownFileType = folder.assetcatalog; path = Assets.xcassets; sourceTree = "<group>"; };
		ECD45D8023542011004F1C15 /* Base */ = {isa = PBXFileReference; lastKnownFileType = file.storyboard; name = Base; path = Base.lproj/LaunchScreen.storyboard; sourceTree = "<group>"; };
		ECD45D8223542011004F1C15 /* Info.plist */ = {isa = PBXFileReference; lastKnownFileType = text.plist.xml; path = Info.plist; sourceTree = "<group>"; };
		ECE40326235D37A00008D01B /* weather_nyc.json */ = {isa = PBXFileReference; lastKnownFileType = text.json; path = weather_nyc.json; sourceTree = "<group>"; };
/* End PBXFileReference section */

/* Begin PBXFrameworksBuildPhase section */
		EC21646D235BECCB0005335F /* Frameworks */ = {
			isa = PBXFrameworksBuildPhase;
			buildActionMask = 2147483647;
			files = (
			);
			runOnlyForDeploymentPostprocessing = 0;
		};
		ECD45D6E23542010004F1C15 /* Frameworks */ = {
			isa = PBXFrameworksBuildPhase;
			buildActionMask = 2147483647;
			files = (
			);
			runOnlyForDeploymentPostprocessing = 0;
		};
/* End PBXFrameworksBuildPhase section */

/* Begin PBXGroup section */
		EC1182D32356222800391131 /* Delegates */ = {
			isa = PBXGroup;
			children = (
				ECD45D7423542010004F1C15 /* AppDelegate.swift */,
				ECD45D7623542010004F1C15 /* SceneDelegate.swift */,
			);
			path = Delegates;
			sourceTree = "<group>";
		};
		EC1182D62356228200391131 /* Controllers */ = {
			isa = PBXGroup;
			children = (
				ECD45D7823542010004F1C15 /* ViewController.swift */,
				EC1182DF23563E4700391131 /* DetailViewController.swift */,
				EC1182E123563E5600391131 /* FavoriteViewController.swift */,
			);
			path = Controllers;
			sourceTree = "<group>";
		};
		EC1182D72356228A00391131 /* Models */ = {
			isa = PBXGroup;
			children = (
				EC1182D42356224100391131 /* Weather.swift */,
				EC56029823590B26005A9B78 /* AppError.swift */,
			);
			path = Models;
			sourceTree = "<group>";
		};
		EC1182DA235622A800391131 /* Networking */ = {
			isa = PBXGroup;
			children = (
				ECB783782359057500CD8634 /* WeatherAPIClient.swift */,
				EC5731302359146200658089 /* NetworkManager.swift */,
				ECE40326235D37A00008D01B /* weather_nyc.json */,
				EC1182D1235503AD00391131 /* ZipCodeHelper.swift */,
				EC4EC386236CB0420037744E /* ImageHelper.swift */,
			);
			path = Networking;
			sourceTree = "<group>";
		};
		EC1183052358F39400391131 /* Views */ = {
			isa = PBXGroup;
			children = (
				EC1183032358F38D00391131 /* WeatherCell.swift */,
			);
			path = Views;
			sourceTree = "<group>";
		};
		EC216471235BECCB0005335F /* iOS_Weather_AppTests1 */ = {
			isa = PBXGroup;
			children = (
				EC216472235BECCB0005335F /* iOS_Weather_AppTests1.swift */,
				EC216474235BECCB0005335F /* Info.plist */,
			);
			path = iOS_Weather_AppTests1;
			sourceTree = "<group>";
		};
		ECD45D6823542010004F1C15 = {
			isa = PBXGroup;
			children = (
				ECD45D7323542010004F1C15 /* iOS_Weather_App */,
				EC216471235BECCB0005335F /* iOS_Weather_AppTests1 */,
				ECD45D7223542010004F1C15 /* Products */,
			);
			sourceTree = "<group>";
		};
		ECD45D7223542010004F1C15 /* Products */ = {
			isa = PBXGroup;
			children = (
				ECD45D7123542010004F1C15 /* iOS_Weather_App.app */,
				EC216470235BECCB0005335F /* iOS_Weather_AppTests1.xctest */,
			);
			name = Products;
			sourceTree = "<group>";
		};
		ECD45D7323542010004F1C15 /* iOS_Weather_App */ = {
			isa = PBXGroup;
			children = (
				EC1182CF235501EF00391131 /* TO-DO */,
				ECB7837A2359067F00CD8634 /* Secrets.swift */,
				ECD45D7A23542010004F1C15 /* Main.storyboard */,
				EC1182DA235622A800391131 /* Networking */,
				EC1182D32356222800391131 /* Delegates */,
				EC1182D62356228200391131 /* Controllers */,
				EC1183052358F39400391131 /* Views */,
				EC1182D72356228A00391131 /* Models */,
				ECD45D7D23542011004F1C15 /* Assets.xcassets */,
				ECD45D7F23542011004F1C15 /* LaunchScreen.storyboard */,
				ECD45D8223542011004F1C15 /* Info.plist */,
			);
			path = iOS_Weather_App;
			sourceTree = "<group>";
		};
/* End PBXGroup section */

/* Begin PBXNativeTarget section */
		EC21646F235BECCB0005335F /* iOS_Weather_AppTests1 */ = {
			isa = PBXNativeTarget;
			buildConfigurationList = EC216479235BECCB0005335F /* Build configuration list for PBXNativeTarget "iOS_Weather_AppTests1" */;
			buildPhases = (
				EC21646C235BECCB0005335F /* Sources */,
				EC21646D235BECCB0005335F /* Frameworks */,
				EC21646E235BECCB0005335F /* Resources */,
			);
			buildRules = (
			);
			dependencies = (
				EC216476235BECCB0005335F /* PBXTargetDependency */,
			);
			name = iOS_Weather_AppTests1;
			productName = iOS_Weather_AppTests1;
			productReference = EC216470235BECCB0005335F /* iOS_Weather_AppTests1.xctest */;
			productType = "com.apple.product-type.bundle.unit-test";
		};
		ECD45D7023542010004F1C15 /* iOS_Weather_App */ = {
			isa = PBXNativeTarget;
			buildConfigurationList = ECD45D9023542012004F1C15 /* Build configuration list for PBXNativeTarget "iOS_Weather_App" */;
			buildPhases = (
				ECD45D6D23542010004F1C15 /* Sources */,
				ECD45D6E23542010004F1C15 /* Frameworks */,
				ECD45D6F23542010004F1C15 /* Resources */,
			);
			buildRules = (
			);
			dependencies = (
			);
			name = iOS_Weather_App;
			productName = iOS_Weather_App;
			productReference = ECD45D7123542010004F1C15 /* iOS_Weather_App.app */;
			productType = "com.apple.product-type.application";
		};
/* End PBXNativeTarget section */

/* Begin PBXProject section */
		ECD45D6923542010004F1C15 /* Project object */ = {
			isa = PBXProject;
			attributes = {
				LastSwiftUpdateCheck = 1100;
				LastUpgradeCheck = 1100;
				ORGANIZATIONNAME = "Alexander George Legaspi";
				TargetAttributes = {
					EC21646F235BECCB0005335F = {
						CreatedOnToolsVersion = 11.0;
						TestTargetID = ECD45D7023542010004F1C15;
					};
					ECD45D7023542010004F1C15 = {
						CreatedOnToolsVersion = 11.0;
					};
				};
			};
			buildConfigurationList = ECD45D6C23542010004F1C15 /* Build configuration list for PBXProject "iOS_Weather_App" */;
			compatibilityVersion = "Xcode 9.3";
			developmentRegion = en;
			hasScannedForEncodings = 0;
			knownRegions = (
				en,
				Base,
			);
			mainGroup = ECD45D6823542010004F1C15;
			productRefGroup = ECD45D7223542010004F1C15 /* Products */;
			projectDirPath = "";
			projectRoot = "";
			targets = (
				ECD45D7023542010004F1C15 /* iOS_Weather_App */,
				EC21646F235BECCB0005335F /* iOS_Weather_AppTests1 */,
			);
		};
/* End PBXProject section */

/* Begin PBXResourcesBuildPhase section */
		EC21646E235BECCB0005335F /* Resources */ = {
			isa = PBXResourcesBuildPhase;
			buildActionMask = 2147483647;
			files = (
				ECE4032B235D385A0008D01B /* weather_nyc.json in Resources */,
			);
			runOnlyForDeploymentPostprocessing = 0;
		};
		ECD45D6F23542010004F1C15 /* Resources */ = {
			isa = PBXResourcesBuildPhase;
			buildActionMask = 2147483647;
			files = (
				ECE40327235D37A00008D01B /* weather_nyc.json in Resources */,
				EC1182D0235501EF00391131 /* TO-DO in Resources */,
				ECD45D8123542011004F1C15 /* LaunchScreen.storyboard in Resources */,
				ECD45D7E23542011004F1C15 /* Assets.xcassets in Resources */,
				ECD45D7C23542010004F1C15 /* Main.storyboard in Resources */,
			);
			runOnlyForDeploymentPostprocessing = 0;
		};
/* End PBXResourcesBuildPhase section */

/* Begin PBXSourcesBuildPhase section */
		EC21646C235BECCB0005335F /* Sources */ = {
			isa = PBXSourcesBuildPhase;
			buildActionMask = 2147483647;
			files = (
				ECE40329235D38550008D01B /* NetworkManager.swift in Sources */,
				ECE4032D235D3A5D0008D01B /* Secrets.swift in Sources */,
				ECE40328235D384F0008D01B /* Weather.swift in Sources */,
				ECE4032A235D38580008D01B /* WeatherAPIClient.swift in Sources */,
				EC216473235BECCB0005335F /* iOS_Weather_AppTests1.swift in Sources */,
				ECE4032C235D385D0008D01B /* ZipCodeHelper.swift in Sources */,
				ECE4032E235D3A650008D01B /* AppError.swift in Sources */,
			);
			runOnlyForDeploymentPostprocessing = 0;
		};
		ECD45D6D23542010004F1C15 /* Sources */ = {
			isa = PBXSourcesBuildPhase;
			buildActionMask = 2147483647;
			files = (
				EC5731312359146200658089 /* NetworkManager.swift in Sources */,
				EC1182D2235503AD00391131 /* ZipCodeHelper.swift in Sources */,
				ECD45D7923542010004F1C15 /* ViewController.swift in Sources */,
				EC1183042358F38E00391131 /* WeatherCell.swift in Sources */,
				ECB783792359057500CD8634 /* WeatherAPIClient.swift in Sources */,
				ECD45D7523542010004F1C15 /* AppDelegate.swift in Sources */,
				ECD45D7723542010004F1C15 /* SceneDelegate.swift in Sources */,
				EC1182D52356224100391131 /* Weather.swift in Sources */,
				EC4EC387236CB0420037744E /* ImageHelper.swift in Sources */,
				EC56029923590B26005A9B78 /* AppError.swift in Sources */,
				EC1182E223563E5600391131 /* FavoriteViewController.swift in Sources */,
				EC1182E023563E4700391131 /* DetailViewController.swift in Sources */,
				ECB7837B2359067F00CD8634 /* Secrets.swift in Sources */,
			);
			runOnlyForDeploymentPostprocessing = 0;
		};
/* End PBXSourcesBuildPhase section */

/* Begin PBXTargetDependency section */
		EC216476235BECCB0005335F /* PBXTargetDependency */ = {
			isa = PBXTargetDependency;
			target = ECD45D7023542010004F1C15 /* iOS_Weather_App */;
			targetProxy = EC216475235BECCB0005335F /* PBXContainerItemProxy */;
		};
/* End PBXTargetDependency section */

/* Begin PBXVariantGroup section */
		ECD45D7A23542010004F1C15 /* Main.storyboard */ = {
			isa = PBXVariantGroup;
			children = (
				ECD45D7B23542010004F1C15 /* Base */,
			);
			name = Main.storyboard;
			sourceTree = "<group>";
		};
		ECD45D7F23542011004F1C15 /* LaunchScreen.storyboard */ = {
			isa = PBXVariantGroup;
			children = (
				ECD45D8023542011004F1C15 /* Base */,
			);
			name = LaunchScreen.storyboard;
			sourceTree = "<group>";
		};
/* End PBXVariantGroup section */

/* Begin XCBuildConfiguration section */
		EC216477235BECCB0005335F /* Debug */ = {
			isa = XCBuildConfiguration;
			buildSettings = {
				BUNDLE_LOADER = "$(TEST_HOST)";
				CODE_SIGN_STYLE = Automatic;
				INFOPLIST_FILE = iOS_Weather_AppTests1/Info.plist;
				LD_RUNPATH_SEARCH_PATHS = (
					"$(inherited)",
					"@executable_path/Frameworks",
					"@loader_path/Frameworks",
				);
				PRODUCT_BUNDLE_IDENTIFIER = "aglegaspi.iOS-Weather-AppTests1";
				PRODUCT_NAME = "$(TARGET_NAME)";
				SWIFT_VERSION = 5.0;
				TARGETED_DEVICE_FAMILY = "1,2";
				TEST_HOST = "$(BUILT_PRODUCTS_DIR)/iOS_Weather_App.app/iOS_Weather_App";
			};
			name = Debug;
		};
		EC216478235BECCB0005335F /* Release */ = {
			isa = XCBuildConfiguration;
			buildSettings = {
				BUNDLE_LOADER = "$(TEST_HOST)";
				CODE_SIGN_STYLE = Automatic;
				INFOPLIST_FILE = iOS_Weather_AppTests1/Info.plist;
				LD_RUNPATH_SEARCH_PATHS = (
					"$(inherited)",
					"@executable_path/Frameworks",
					"@loader_path/Frameworks",
				);
				PRODUCT_BUNDLE_IDENTIFIER = "aglegaspi.iOS-Weather-AppTests1";
				PRODUCT_NAME = "$(TARGET_NAME)";
				SWIFT_VERSION = 5.0;
				TARGETED_DEVICE_FAMILY = "1,2";
				TEST_HOST = "$(BUILT_PRODUCTS_DIR)/iOS_Weather_App.app/iOS_Weather_App";
			};
			name = Release;
		};
		ECD45D8E23542012004F1C15 /* Debug */ = {
			isa = XCBuildConfiguration;
			buildSettings = {
				ALWAYS_SEARCH_USER_PATHS = NO;
				CLANG_ANALYZER_NONNULL = YES;
				CLANG_ANALYZER_NUMBER_OBJECT_CONVERSION = YES_AGGRESSIVE;
				CLANG_CXX_LANGUAGE_STANDARD = "gnu++14";
				CLANG_CXX_LIBRARY = "libc++";
				CLANG_ENABLE_MODULES = YES;
				CLANG_ENABLE_OBJC_ARC = YES;
				CLANG_ENABLE_OBJC_WEAK = YES;
				CLANG_WARN_BLOCK_CAPTURE_AUTORELEASING = YES;
				CLANG_WARN_BOOL_CONVERSION = YES;
				CLANG_WARN_COMMA = YES;
				CLANG_WARN_CONSTANT_CONVERSION = YES;
				CLANG_WARN_DEPRECATED_OBJC_IMPLEMENTATIONS = YES;
				CLANG_WARN_DIRECT_OBJC_ISA_USAGE = YES_ERROR;
				CLANG_WARN_DOCUMENTATION_COMMENTS = YES;
				CLANG_WARN_EMPTY_BODY = YES;
				CLANG_WARN_ENUM_CONVERSION = YES;
				CLANG_WARN_INFINITE_RECURSION = YES;
				CLANG_WARN_INT_CONVERSION = YES;
				CLANG_WARN_NON_LITERAL_NULL_CONVERSION = YES;
				CLANG_WARN_OBJC_IMPLICIT_RETAIN_SELF = YES;
				CLANG_WARN_OBJC_LITERAL_CONVERSION = YES;
				CLANG_WARN_OBJC_ROOT_CLASS = YES_ERROR;
				CLANG_WARN_RANGE_LOOP_ANALYSIS = YES;
				CLANG_WARN_STRICT_PROTOTYPES = YES;
				CLANG_WARN_SUSPICIOUS_MOVE = YES;
				CLANG_WARN_UNGUARDED_AVAILABILITY = YES_AGGRESSIVE;
				CLANG_WARN_UNREACHABLE_CODE = YES;
				CLANG_WARN__DUPLICATE_METHOD_MATCH = YES;
				COPY_PHASE_STRIP = NO;
				DEBUG_INFORMATION_FORMAT = dwarf;
				ENABLE_STRICT_OBJC_MSGSEND = YES;
				ENABLE_TESTABILITY = YES;
				GCC_C_LANGUAGE_STANDARD = gnu11;
				GCC_DYNAMIC_NO_PIC = NO;
				GCC_NO_COMMON_BLOCKS = YES;
				GCC_OPTIMIZATION_LEVEL = 0;
				GCC_PREPROCESSOR_DEFINITIONS = (
					"DEBUG=1",
					"$(inherited)",
				);
				GCC_WARN_64_TO_32_BIT_CONVERSION = YES;
				GCC_WARN_ABOUT_RETURN_TYPE = YES_ERROR;
				GCC_WARN_UNDECLARED_SELECTOR = YES;
				GCC_WARN_UNINITIALIZED_AUTOS = YES_AGGRESSIVE;
				GCC_WARN_UNUSED_FUNCTION = YES;
				GCC_WARN_UNUSED_VARIABLE = YES;
				IPHONEOS_DEPLOYMENT_TARGET = 13.0;
				MTL_ENABLE_DEBUG_INFO = INCLUDE_SOURCE;
				MTL_FAST_MATH = YES;
				ONLY_ACTIVE_ARCH = YES;
				SDKROOT = iphoneos;
				SWIFT_ACTIVE_COMPILATION_CONDITIONS = DEBUG;
				SWIFT_OPTIMIZATION_LEVEL = "-Onone";
			};
			name = Debug;
		};
		ECD45D8F23542012004F1C15 /* Release */ = {
			isa = XCBuildConfiguration;
			buildSettings = {
				ALWAYS_SEARCH_USER_PATHS = NO;
				CLANG_ANALYZER_NONNULL = YES;
				CLANG_ANALYZER_NUMBER_OBJECT_CONVERSION = YES_AGGRESSIVE;
				CLANG_CXX_LANGUAGE_STANDARD = "gnu++14";
				CLANG_CXX_LIBRARY = "libc++";
				CLANG_ENABLE_MODULES = YES;
				CLANG_ENABLE_OBJC_ARC = YES;
				CLANG_ENABLE_OBJC_WEAK = YES;
				CLANG_WARN_BLOCK_CAPTURE_AUTORELEASING = YES;
				CLANG_WARN_BOOL_CONVERSION = YES;
				CLANG_WARN_COMMA = YES;
				CLANG_WARN_CONSTANT_CONVERSION = YES;
				CLANG_WARN_DEPRECATED_OBJC_IMPLEMENTATIONS = YES;
				CLANG_WARN_DIRECT_OBJC_ISA_USAGE = YES_ERROR;
				CLANG_WARN_DOCUMENTATION_COMMENTS = YES;
				CLANG_WARN_EMPTY_BODY = YES;
				CLANG_WARN_ENUM_CONVERSION = YES;
				CLANG_WARN_INFINITE_RECURSION = YES;
				CLANG_WARN_INT_CONVERSION = YES;
				CLANG_WARN_NON_LITERAL_NULL_CONVERSION = YES;
				CLANG_WARN_OBJC_IMPLICIT_RETAIN_SELF = YES;
				CLANG_WARN_OBJC_LITERAL_CONVERSION = YES;
				CLANG_WARN_OBJC_ROOT_CLASS = YES_ERROR;
				CLANG_WARN_RANGE_LOOP_ANALYSIS = YES;
				CLANG_WARN_STRICT_PROTOTYPES = YES;
				CLANG_WARN_SUSPICIOUS_MOVE = YES;
				CLANG_WARN_UNGUARDED_AVAILABILITY = YES_AGGRESSIVE;
				CLANG_WARN_UNREACHABLE_CODE = YES;
				CLANG_WARN__DUPLICATE_METHOD_MATCH = YES;
				COPY_PHASE_STRIP = NO;
				DEBUG_INFORMATION_FORMAT = "dwarf-with-dsym";
				ENABLE_NS_ASSERTIONS = NO;
				ENABLE_STRICT_OBJC_MSGSEND = YES;
				GCC_C_LANGUAGE_STANDARD = gnu11;
				GCC_NO_COMMON_BLOCKS = YES;
				GCC_WARN_64_TO_32_BIT_CONVERSION = YES;
				GCC_WARN_ABOUT_RETURN_TYPE = YES_ERROR;
				GCC_WARN_UNDECLARED_SELECTOR = YES;
				GCC_WARN_UNINITIALIZED_AUTOS = YES_AGGRESSIVE;
				GCC_WARN_UNUSED_FUNCTION = YES;
				GCC_WARN_UNUSED_VARIABLE = YES;
				IPHONEOS_DEPLOYMENT_TARGET = 13.0;
				MTL_ENABLE_DEBUG_INFO = NO;
				MTL_FAST_MATH = YES;
				SDKROOT = iphoneos;
				SWIFT_COMPILATION_MODE = wholemodule;
				SWIFT_OPTIMIZATION_LEVEL = "-O";
				VALIDATE_PRODUCT = YES;
			};
			name = Release;
		};
		ECD45D9123542012004F1C15 /* Debug */ = {
			isa = XCBuildConfiguration;
			buildSettings = {
				ASSETCATALOG_COMPILER_APPICON_NAME = AppIcon;
				CODE_SIGN_STYLE = Automatic;
				INFOPLIST_FILE = iOS_Weather_App/Info.plist;
				LD_RUNPATH_SEARCH_PATHS = (
					"$(inherited)",
					"@executable_path/Frameworks",
				);
				PRODUCT_BUNDLE_IDENTIFIER = "aglegaspi.iOS-Weather-App";
				PRODUCT_NAME = "$(TARGET_NAME)";
				SWIFT_VERSION = 5.0;
				TARGETED_DEVICE_FAMILY = "1,2";
			};
			name = Debug;
		};
		ECD45D9223542012004F1C15 /* Release */ = {
			isa = XCBuildConfiguration;
			buildSettings = {
				ASSETCATALOG_COMPILER_APPICON_NAME = AppIcon;
				CODE_SIGN_STYLE = Automatic;
				INFOPLIST_FILE = iOS_Weather_App/Info.plist;
				LD_RUNPATH_SEARCH_PATHS = (
					"$(inherited)",
					"@executable_path/Frameworks",
				);
				PRODUCT_BUNDLE_IDENTIFIER = "aglegaspi.iOS-Weather-App";
				PRODUCT_NAME = "$(TARGET_NAME)";
				SWIFT_VERSION = 5.0;
				TARGETED_DEVICE_FAMILY = "1,2";
			};
			name = Release;
		};
/* End XCBuildConfiguration section */

/* Begin XCConfigurationList section */
		EC216479235BECCB0005335F /* Build configuration list for PBXNativeTarget "iOS_Weather_AppTests1" */ = {
			isa = XCConfigurationList;
			buildConfigurations = (
				EC216477235BECCB0005335F /* Debug */,
				EC216478235BECCB0005335F /* Release */,
			);
			defaultConfigurationIsVisible = 0;
			defaultConfigurationName = Release;
		};
		ECD45D6C23542010004F1C15 /* Build configuration list for PBXProject "iOS_Weather_App" */ = {
			isa = XCConfigurationList;
			buildConfigurations = (
				ECD45D8E23542012004F1C15 /* Debug */,
				ECD45D8F23542012004F1C15 /* Release */,
			);
			defaultConfigurationIsVisible = 0;
			defaultConfigurationName = Release;
		};
		ECD45D9023542012004F1C15 /* Build configuration list for PBXNativeTarget "iOS_Weather_App" */ = {
			isa = XCConfigurationList;
			buildConfigurations = (
				ECD45D9123542012004F1C15 /* Debug */,
				ECD45D9223542012004F1C15 /* Release */,
			);
			defaultConfigurationIsVisible = 0;
			defaultConfigurationName = Release;
		};
/* End XCConfigurationList section */
	};
	rootObject = ECD45D6923542010004F1C15 /* Project object */;
}
